// !$*UTF8*$!
{
	archiveVersion = 1;
	classes = {
	};
	objectVersion = 56;
	objects = {

/* Begin PBXBuildFile section */
		0D1BCE492B8B15DF0014FF83 /* RootView.swift in Sources */ = {isa = PBXBuildFile; fileRef = 0D1BCE482B8B15DF0014FF83 /* RootView.swift */; };
		0D1BCE4B2B8B19A40014FF83 /* ProfileView.swift in Sources */ = {isa = PBXBuildFile; fileRef = 0D1BCE4A2B8B19A40014FF83 /* ProfileView.swift */; };
		0DCCB7BF2B88B933008E0090 /* ProfilesApp.swift in Sources */ = {isa = PBXBuildFile; fileRef = 0DCCB7BE2B88B933008E0090 /* ProfilesApp.swift */; };
		0DCCB7C32B88B936008E0090 /* Assets.xcassets in Resources */ = {isa = PBXBuildFile; fileRef = 0DCCB7C22B88B936008E0090 /* Assets.xcassets */; };
		0DCCB7C62B88B936008E0090 /* Preview Assets.xcassets in Resources */ = {isa = PBXBuildFile; fileRef = 0DCCB7C52B88B936008E0090 /* Preview Assets.xcassets */; };
		0DCCB7CD2B88BEA4008E0090 /* GoogleService-Info.plist in Resources */ = {isa = PBXBuildFile; fileRef = 0DCCB7CC2B88BEA4008E0090 /* GoogleService-Info.plist */; };
		0DCCB7D02B88C157008E0090 /* FirebaseAnalytics in Frameworks */ = {isa = PBXBuildFile; productRef = 0DCCB7CF2B88C157008E0090 /* FirebaseAnalytics */; };
		0DCCB7D42B88C157008E0090 /* FirebaseAnalyticsSwift in Frameworks */ = {isa = PBXBuildFile; productRef = 0DCCB7D32B88C157008E0090 /* FirebaseAnalyticsSwift */; };
		0DCCB7D92B892770008E0090 /* FirebaseAuth in Frameworks */ = {isa = PBXBuildFile; productRef = 0DCCB7D82B892770008E0090 /* FirebaseAuth */; };
		0DCCB7DB2B892928008E0090 /* AuthenticationView.swift in Sources */ = {isa = PBXBuildFile; fileRef = 0DCCB7DA2B892928008E0090 /* AuthenticationView.swift */; };
		0DCCB7DD2B892AD2008E0090 /* SignUpEmailView.swift in Sources */ = {isa = PBXBuildFile; fileRef = 0DCCB7DC2B892AD2008E0090 /* SignUpEmailView.swift */; };
		0DCCB7DF2B892D69008E0090 /* AuthenticationManager.swift in Sources */ = {isa = PBXBuildFile; fileRef = 0DCCB7DE2B892D69008E0090 /* AuthenticationManager.swift */; };
/* End PBXBuildFile section */

/* Begin PBXFileReference section */
		0D1BCE482B8B15DF0014FF83 /* RootView.swift */ = {isa = PBXFileReference; lastKnownFileType = sourcecode.swift; path = RootView.swift; sourceTree = "<group>"; };
		0D1BCE4A2B8B19A40014FF83 /* ProfileView.swift */ = {isa = PBXFileReference; lastKnownFileType = sourcecode.swift; path = ProfileView.swift; sourceTree = "<group>"; };
		0DCCB7BB2B88B933008E0090 /* Profiles.app */ = {isa = PBXFileReference; explicitFileType = wrapper.application; includeInIndex = 0; path = Profiles.app; sourceTree = BUILT_PRODUCTS_DIR; };
		0DCCB7BE2B88B933008E0090 /* ProfilesApp.swift */ = {isa = PBXFileReference; lastKnownFileType = sourcecode.swift; path = ProfilesApp.swift; sourceTree = "<group>"; };
		0DCCB7C22B88B936008E0090 /* Assets.xcassets */ = {isa = PBXFileReference; lastKnownFileType = folder.assetcatalog; path = Assets.xcassets; sourceTree = "<group>"; };
		0DCCB7C52B88B936008E0090 /* Preview Assets.xcassets */ = {isa = PBXFileReference; lastKnownFileType = folder.assetcatalog; path = "Preview Assets.xcassets"; sourceTree = "<group>"; };
		0DCCB7CC2B88BEA4008E0090 /* GoogleService-Info.plist */ = {isa = PBXFileReference; fileEncoding = 4; lastKnownFileType = text.plist.xml; path = "GoogleService-Info.plist"; sourceTree = "<group>"; };
		0DCCB7DA2B892928008E0090 /* AuthenticationView.swift */ = {isa = PBXFileReference; lastKnownFileType = sourcecode.swift; path = AuthenticationView.swift; sourceTree = "<group>"; };
		0DCCB7DC2B892AD2008E0090 /* SignUpEmailView.swift */ = {isa = PBXFileReference; lastKnownFileType = sourcecode.swift; path = SignUpEmailView.swift; sourceTree = "<group>"; };
		0DCCB7DE2B892D69008E0090 /* AuthenticationManager.swift */ = {isa = PBXFileReference; lastKnownFileType = sourcecode.swift; path = AuthenticationManager.swift; sourceTree = "<group>"; };
/* End PBXFileReference section */

/* Begin PBXFrameworksBuildPhase section */
		0DCCB7B82B88B933008E0090 /* Frameworks */ = {
			isa = PBXFrameworksBuildPhase;
			buildActionMask = 2147483647;
			files = (
				0DCCB7D42B88C157008E0090 /* FirebaseAnalyticsSwift in Frameworks */,
				0DCCB7D92B892770008E0090 /* FirebaseAuth in Frameworks */,
				0DCCB7D02B88C157008E0090 /* FirebaseAnalytics in Frameworks */,
			);
			runOnlyForDeploymentPostprocessing = 0;
		};
/* End PBXFrameworksBuildPhase section */

/* Begin PBXGroup section */
		0DCCB7B22B88B933008E0090 = {
			isa = PBXGroup;
			children = (
				0DCCB7BD2B88B933008E0090 /* Profiles */,
				0DCCB7BC2B88B933008E0090 /* Products */,
				0DCCB7D72B892770008E0090 /* Frameworks */,
			);
			sourceTree = "<group>";
		};
		0DCCB7BC2B88B933008E0090 /* Products */ = {
			isa = PBXGroup;
			children = (
				0DCCB7BB2B88B933008E0090 /* Profiles.app */,
			);
			name = Products;
			sourceTree = "<group>";
		};
		0DCCB7BD2B88B933008E0090 /* Profiles */ = {
			isa = PBXGroup;
			children = (
				0DCCB7BE2B88B933008E0090 /* ProfilesApp.swift */,
				0DCCB7DA2B892928008E0090 /* AuthenticationView.swift */,
				0DCCB7DC2B892AD2008E0090 /* SignUpEmailView.swift */,
				0DCCB7DE2B892D69008E0090 /* AuthenticationManager.swift */,
				0D1BCE482B8B15DF0014FF83 /* RootView.swift */,
				0D1BCE4A2B8B19A40014FF83 /* ProfileView.swift */,
				0DCCB7C22B88B936008E0090 /* Assets.xcassets */,
				0DCCB7CC2B88BEA4008E0090 /* GoogleService-Info.plist */,
				0DCCB7C42B88B936008E0090 /* Preview Content */,
			);
			path = Profiles;
			sourceTree = "<group>";
		};
		0DCCB7C42B88B936008E0090 /* Preview Content */ = {
			isa = PBXGroup;
			children = (
				0DCCB7C52B88B936008E0090 /* Preview Assets.xcassets */,
			);
			path = "Preview Content";
			sourceTree = "<group>";
		};
		0DCCB7D72B892770008E0090 /* Frameworks */ = {
			isa = PBXGroup;
			children = (
			);
			name = Frameworks;
			sourceTree = "<group>";
		};
/* End PBXGroup section */

/* Begin PBXNativeTarget section */
		0DCCB7BA2B88B933008E0090 /* Profiles */ = {
			isa = PBXNativeTarget;
			buildConfigurationList = 0DCCB7C92B88B936008E0090 /* Build configuration list for PBXNativeTarget "Profiles" */;
			buildPhases = (
				0DCCB7B72B88B933008E0090 /* Sources */,
				0DCCB7B82B88B933008E0090 /* Frameworks */,
				0DCCB7B92B88B933008E0090 /* Resources */,
			);
			buildRules = (
			);
			dependencies = (
			);
			name = Profiles;
			packageProductDependencies = (
				0DCCB7CF2B88C157008E0090 /* FirebaseAnalytics */,
				0DCCB7D32B88C157008E0090 /* FirebaseAnalyticsSwift */,
				0DCCB7D82B892770008E0090 /* FirebaseAuth */,
			);
			productName = Profiles;
			productReference = 0DCCB7BB2B88B933008E0090 /* Profiles.app */;
			productType = "com.apple.product-type.application";
		};
/* End PBXNativeTarget section */

/* Begin PBXProject section */
		0DCCB7B32B88B933008E0090 /* Project object */ = {
			isa = PBXProject;
			attributes = {
				BuildIndependentTargetsInParallel = 1;
				LastSwiftUpdateCheck = 1500;
				LastUpgradeCheck = 1500;
				TargetAttributes = {
					0DCCB7BA2B88B933008E0090 = {
						CreatedOnToolsVersion = 15.0.1;
					};
				};
			};
			buildConfigurationList = 0DCCB7B62B88B933008E0090 /* Build configuration list for PBXProject "Profiles" */;
			compatibilityVersion = "Xcode 14.0";
			developmentRegion = en;
			hasScannedForEncodings = 0;
			knownRegions = (
				en,
				Base,
			);
			mainGroup = 0DCCB7B22B88B933008E0090;
			packageReferences = (
				0DCCB7CE2B88C156008E0090 /* XCRemoteSwiftPackageReference "firebase-ios-sdk" */,
			);
			productRefGroup = 0DCCB7BC2B88B933008E0090 /* Products */;
			projectDirPath = "";
			projectRoot = "";
			targets = (
				0DCCB7BA2B88B933008E0090 /* Profiles */,
			);
		};
/* End PBXProject section */

/* Begin PBXResourcesBuildPhase section */
		0DCCB7B92B88B933008E0090 /* Resources */ = {
			isa = PBXResourcesBuildPhase;
			buildActionMask = 2147483647;
			files = (
				0DCCB7C62B88B936008E0090 /* Preview Assets.xcassets in Resources */,
				0DCCB7C32B88B936008E0090 /* Assets.xcassets in Resources */,
				0DCCB7CD2B88BEA4008E0090 /* GoogleService-Info.plist in Resources */,
			);
			runOnlyForDeploymentPostprocessing = 0;
		};
/* End PBXResourcesBuildPhase section */

/* Begin PBXSourcesBuildPhase section */
		0DCCB7B72B88B933008E0090 /* Sources */ = {
			isa = PBXSourcesBuildPhase;
			buildActionMask = 2147483647;
			files = (
				0D1BCE4B2B8B19A40014FF83 /* ProfileView.swift in Sources */,
				0DCCB7BF2B88B933008E0090 /* ProfilesApp.swift in Sources */,
				0D1BCE492B8B15DF0014FF83 /* RootView.swift in Sources */,
				0DCCB7DB2B892928008E0090 /* AuthenticationView.swift in Sources */,
				0DCCB7DF2B892D69008E0090 /* AuthenticationManager.swift in Sources */,
				0DCCB7DD2B892AD2008E0090 /* SignUpEmailView.swift in Sources */,
			);
			runOnlyForDeploymentPostprocessing = 0;
		};
/* End PBXSourcesBuildPhase section */

/* Begin XCBuildConfiguration section */
		0DCCB7C72B88B936008E0090 /* Debug */ = {
			isa = XCBuildConfiguration;
			buildSettings = {
				ALWAYS_SEARCH_USER_PATHS = NO;
				ASSETCATALOG_COMPILER_GENERATE_SWIFT_ASSET_SYMBOL_EXTENSIONS = YES;
				CLANG_ANALYZER_NONNULL = YES;
				CLANG_ANALYZER_NUMBER_OBJECT_CONVERSION = YES_AGGRESSIVE;
				CLANG_CXX_LANGUAGE_STANDARD = "gnu++20";
				CLANG_ENABLE_MODULES = YES;
				CLANG_ENABLE_OBJC_ARC = YES;
				CLANG_ENABLE_OBJC_WEAK = YES;
				CLANG_WARN_BLOCK_CAPTURE_AUTORELEASING = YES;
				CLANG_WARN_BOOL_CONVERSION = YES;
				CLANG_WARN_COMMA = YES;
				CLANG_WARN_CONSTANT_CONVERSION = YES;
				CLANG_WARN_DEPRECATED_OBJC_IMPLEMENTATIONS = YES;
				CLANG_WARN_DIRECT_OBJC_ISA_USAGE = YES_ERROR;
				CLANG_WARN_DOCUMENTATION_COMMENTS = YES;
				CLANG_WARN_EMPTY_BODY = YES;
				CLANG_WARN_ENUM_CONVERSION = YES;
				CLANG_WARN_INFINITE_RECURSION = YES;
				CLANG_WARN_INT_CONVERSION = YES;
				CLANG_WARN_NON_LITERAL_NULL_CONVERSION = YES;
				CLANG_WARN_OBJC_IMPLICIT_RETAIN_SELF = YES;
				CLANG_WARN_OBJC_LITERAL_CONVERSION = YES;
				CLANG_WARN_OBJC_ROOT_CLASS = YES_ERROR;
				CLANG_WARN_QUOTED_INCLUDE_IN_FRAMEWORK_HEADER = YES;
				CLANG_WARN_RANGE_LOOP_ANALYSIS = YES;
				CLANG_WARN_STRICT_PROTOTYPES = YES;
				CLANG_WARN_SUSPICIOUS_MOVE = YES;
				CLANG_WARN_UNGUARDED_AVAILABILITY = YES_AGGRESSIVE;
				CLANG_WARN_UNREACHABLE_CODE = YES;
				CLANG_WARN__DUPLICATE_METHOD_MATCH = YES;
				COPY_PHASE_STRIP = NO;
				DEBUG_INFORMATION_FORMAT = dwarf;
				ENABLE_STRICT_OBJC_MSGSEND = YES;
				ENABLE_TESTABILITY = YES;
				ENABLE_USER_SCRIPT_SANDBOXING = YES;
				GCC_C_LANGUAGE_STANDARD = gnu17;
				GCC_DYNAMIC_NO_PIC = NO;
				GCC_NO_COMMON_BLOCKS = YES;
				GCC_OPTIMIZATION_LEVEL = 0;
				GCC_PREPROCESSOR_DEFINITIONS = (
					"DEBUG=1",
					"$(inherited)",
				);
				GCC_WARN_64_TO_32_BIT_CONVERSION = YES;
				GCC_WARN_ABOUT_RETURN_TYPE = YES_ERROR;
				GCC_WARN_UNDECLARED_SELECTOR = YES;
				GCC_WARN_UNINITIALIZED_AUTOS = YES_AGGRESSIVE;
				GCC_WARN_UNUSED_FUNCTION = YES;
				GCC_WARN_UNUSED_VARIABLE = YES;
				IPHONEOS_DEPLOYMENT_TARGET = 17.0;
				LOCALIZATION_PREFERS_STRING_CATALOGS = YES;
				MTL_ENABLE_DEBUG_INFO = INCLUDE_SOURCE;
				MTL_FAST_MATH = YES;
				ONLY_ACTIVE_ARCH = YES;
				SDKROOT = iphoneos;
				SWIFT_ACTIVE_COMPILATION_CONDITIONS = "DEBUG $(inherited)";
				SWIFT_OPTIMIZATION_LEVEL = "-Onone";
			};
			name = Debug;
		};
		0DCCB7C82B88B936008E0090 /* Release */ = {
			isa = XCBuildConfiguration;
			buildSettings = {
				ALWAYS_SEARCH_USER_PATHS = NO;
				ASSETCATALOG_COMPILER_GENERATE_SWIFT_ASSET_SYMBOL_EXTENSIONS = YES;
				CLANG_ANALYZER_NONNULL = YES;
				CLANG_ANALYZER_NUMBER_OBJECT_CONVERSION = YES_AGGRESSIVE;
				CLANG_CXX_LANGUAGE_STANDARD = "gnu++20";
				CLANG_ENABLE_MODULES = YES;
				CLANG_ENABLE_OBJC_ARC = YES;
				CLANG_ENABLE_OBJC_WEAK = YES;
				CLANG_WARN_BLOCK_CAPTURE_AUTORELEASING = YES;
				CLANG_WARN_BOOL_CONVERSION = YES;
				CLANG_WARN_COMMA = YES;
				CLANG_WARN_CONSTANT_CONVERSION = YES;
				CLANG_WARN_DEPRECATED_OBJC_IMPLEMENTATIONS = YES;
				CLANG_WARN_DIRECT_OBJC_ISA_USAGE = YES_ERROR;
				CLANG_WARN_DOCUMENTATION_COMMENTS = YES;
				CLANG_WARN_EMPTY_BODY = YES;
				CLANG_WARN_ENUM_CONVERSION = YES;
				CLANG_WARN_INFINITE_RECURSION = YES;
				CLANG_WARN_INT_CONVERSION = YES;
				CLANG_WARN_NON_LITERAL_NULL_CONVERSION = YES;
				CLANG_WARN_OBJC_IMPLICIT_RETAIN_SELF = YES;
				CLANG_WARN_OBJC_LITERAL_CONVERSION = YES;
				CLANG_WARN_OBJC_ROOT_CLASS = YES_ERROR;
				CLANG_WARN_QUOTED_INCLUDE_IN_FRAMEWORK_HEADER = YES;
				CLANG_WARN_RANGE_LOOP_ANALYSIS = YES;
				CLANG_WARN_STRICT_PROTOTYPES = YES;
				CLANG_WARN_SUSPICIOUS_MOVE = YES;
				CLANG_WARN_UNGUARDED_AVAILABILITY = YES_AGGRESSIVE;
				CLANG_WARN_UNREACHABLE_CODE = YES;
				CLANG_WARN__DUPLICATE_METHOD_MATCH = YES;
				COPY_PHASE_STRIP = NO;
				DEBUG_INFORMATION_FORMAT = "dwarf-with-dsym";
				ENABLE_NS_ASSERTIONS = NO;
				ENABLE_STRICT_OBJC_MSGSEND = YES;
				ENABLE_USER_SCRIPT_SANDBOXING = YES;
				GCC_C_LANGUAGE_STANDARD = gnu17;
				GCC_NO_COMMON_BLOCKS = YES;
				GCC_WARN_64_TO_32_BIT_CONVERSION = YES;
				GCC_WARN_ABOUT_RETURN_TYPE = YES_ERROR;
				GCC_WARN_UNDECLARED_SELECTOR = YES;
				GCC_WARN_UNINITIALIZED_AUTOS = YES_AGGRESSIVE;
				GCC_WARN_UNUSED_FUNCTION = YES;
				GCC_WARN_UNUSED_VARIABLE = YES;
				IPHONEOS_DEPLOYMENT_TARGET = 17.0;
				LOCALIZATION_PREFERS_STRING_CATALOGS = YES;
				MTL_ENABLE_DEBUG_INFO = NO;
				MTL_FAST_MATH = YES;
				SDKROOT = iphoneos;
				SWIFT_COMPILATION_MODE = wholemodule;
				VALIDATE_PRODUCT = YES;
			};
			name = Release;
		};
		0DCCB7CA2B88B936008E0090 /* Debug */ = {
			isa = XCBuildConfiguration;
			buildSettings = {
				ASSETCATALOG_COMPILER_APPICON_NAME = AppIcon;
				ASSETCATALOG_COMPILER_GLOBAL_ACCENT_COLOR_NAME = AccentColor;
				CODE_SIGN_STYLE = Automatic;
				CURRENT_PROJECT_VERSION = 1;
				DEVELOPMENT_ASSET_PATHS = "\"Profiles/Preview Content\"";
				DEVELOPMENT_TEAM = W7UF2SN6YX;
				ENABLE_PREVIEWS = YES;
				GENERATE_INFOPLIST_FILE = YES;
				INFOPLIST_KEY_UIApplicationSceneManifest_Generation = YES;
				INFOPLIST_KEY_UIApplicationSupportsIndirectInputEvents = YES;
				INFOPLIST_KEY_UILaunchScreen_Generation = YES;
				INFOPLIST_KEY_UISupportedInterfaceOrientations_iPad = "UIInterfaceOrientationPortrait UIInterfaceOrientationPortraitUpsideDown UIInterfaceOrientationLandscapeLeft UIInterfaceOrientationLandscapeRight";
				INFOPLIST_KEY_UISupportedInterfaceOrientations_iPhone = "UIInterfaceOrientationPortrait UIInterfaceOrientationLandscapeLeft UIInterfaceOrientationLandscapeRight";
				LD_RUNPATH_SEARCH_PATHS = (
					"$(inherited)",
					"@executable_path/Frameworks",
				);
				MARKETING_VERSION = 1.0;
				PRODUCT_BUNDLE_IDENTIFIER = com.devNoyan.Profiles;
				PRODUCT_NAME = "$(TARGET_NAME)";
				SWIFT_EMIT_LOC_STRINGS = YES;
				SWIFT_VERSION = 5.0;
				TARGETED_DEVICE_FAMILY = "1,2";
			};
			name = Debug;
		};
		0DCCB7CB2B88B936008E0090 /* Release */ = {
			isa = XCBuildConfiguration;
			buildSettings = {
				ASSETCATALOG_COMPILER_APPICON_NAME = AppIcon;
				ASSETCATALOG_COMPILER_GLOBAL_ACCENT_COLOR_NAME = AccentColor;
				CODE_SIGN_STYLE = Automatic;
				CURRENT_PROJECT_VERSION = 1;
				DEVELOPMENT_ASSET_PATHS = "\"Profiles/Preview Content\"";
				DEVELOPMENT_TEAM = W7UF2SN6YX;
				ENABLE_PREVIEWS = YES;
				GENERATE_INFOPLIST_FILE = YES;
				INFOPLIST_KEY_UIApplicationSceneManifest_Generation = YES;
				INFOPLIST_KEY_UIApplicationSupportsIndirectInputEvents = YES;
				INFOPLIST_KEY_UILaunchScreen_Generation = YES;
				INFOPLIST_KEY_UISupportedInterfaceOrientations_iPad = "UIInterfaceOrientationPortrait UIInterfaceOrientationPortraitUpsideDown UIInterfaceOrientationLandscapeLeft UIInterfaceOrientationLandscapeRight";
				INFOPLIST_KEY_UISupportedInterfaceOrientations_iPhone = "UIInterfaceOrientationPortrait UIInterfaceOrientationLandscapeLeft UIInterfaceOrientationLandscapeRight";
				LD_RUNPATH_SEARCH_PATHS = (
					"$(inherited)",
					"@executable_path/Frameworks",
				);
				MARKETING_VERSION = 1.0;
				PRODUCT_BUNDLE_IDENTIFIER = com.devNoyan.Profiles;
				PRODUCT_NAME = "$(TARGET_NAME)";
				SWIFT_EMIT_LOC_STRINGS = YES;
				SWIFT_VERSION = 5.0;
				TARGETED_DEVICE_FAMILY = "1,2";
			};
			name = Release;
		};
/* End XCBuildConfiguration section */

/* Begin XCConfigurationList section */
		0DCCB7B62B88B933008E0090 /* Build configuration list for PBXProject "Profiles" */ = {
			isa = XCConfigurationList;
			buildConfigurations = (
				0DCCB7C72B88B936008E0090 /* Debug */,
				0DCCB7C82B88B936008E0090 /* Release */,
			);
			defaultConfigurationIsVisible = 0;
			defaultConfigurationName = Release;
		};
		0DCCB7C92B88B936008E0090 /* Build configuration list for PBXNativeTarget "Profiles" */ = {
			isa = XCConfigurationList;
			buildConfigurations = (
				0DCCB7CA2B88B936008E0090 /* Debug */,
				0DCCB7CB2B88B936008E0090 /* Release */,
			);
			defaultConfigurationIsVisible = 0;
			defaultConfigurationName = Release;
		};
/* End XCConfigurationList section */

/* Begin XCRemoteSwiftPackageReference section */
		0DCCB7CE2B88C156008E0090 /* XCRemoteSwiftPackageReference "firebase-ios-sdk" */ = {
			isa = XCRemoteSwiftPackageReference;
			repositoryURL = "https://github.com/firebase/firebase-ios-sdk.git";
			requirement = {
				kind = upToNextMajorVersion;
				minimumVersion = 10.21.0;
			};
		};
/* End XCRemoteSwiftPackageReference section */

/* Begin XCSwiftPackageProductDependency section */
		0DCCB7CF2B88C157008E0090 /* FirebaseAnalytics */ = {
			isa = XCSwiftPackageProductDependency;
			package = 0DCCB7CE2B88C156008E0090 /* XCRemoteSwiftPackageReference "firebase-ios-sdk" */;
			productName = FirebaseAnalytics;
		};
		0DCCB7D32B88C157008E0090 /* FirebaseAnalyticsSwift */ = {
			isa = XCSwiftPackageProductDependency;
			package = 0DCCB7CE2B88C156008E0090 /* XCRemoteSwiftPackageReference "firebase-ios-sdk" */;
			productName = FirebaseAnalyticsSwift;
		};
		0DCCB7D82B892770008E0090 /* FirebaseAuth */ = {
			isa = XCSwiftPackageProductDependency;
			package = 0DCCB7CE2B88C156008E0090 /* XCRemoteSwiftPackageReference "firebase-ios-sdk" */;
			productName = FirebaseAuth;
		};
/* End XCSwiftPackageProductDependency section */
	};
	rootObject = 0DCCB7B32B88B933008E0090 /* Project object */;
}
